
Microsoft Visual Studio Solution File, Format Version 12.00
# Visual Studio 15
Project("{FAE04EC0-301F-11D3-BF4B-00C04F79EFBC}") = "Assembly-CSharp-Editor", "Assembly-CSharp-Editor.csproj", "{F570CD15-1CCE-7B17-E726-11648DAE672B}"
EndProject
Global
	GlobalSection(SolutionConfigurationPlatforms) = preSolution
		Debug|Any CPU = Debug|Any CPU
		Release|Any CPU = Release|Any CPU
	EndGlobalSection
	GlobalSection(ProjectConfigurationPlatforms) = postSolution
		{F570CD15-1CCE-7B17-E726-11648DAE672B}.Debug|Any CPU.ActiveCfg = Debug|Any CPU
		{F570CD15-1CCE-7B17-E726-11648DAE672B}.Debug|Any CPU.Build.0 = Debug|Any CPU
		{F570CD15-1CCE-7B17-E726-11648DAE672B}.Release|Any CPU.ActiveCfg = Release|Any CPU
		{F570CD15-1CCE-7B17-E726-11648DAE672B}.Release|Any CPU.Build.0 = Release|Any CPU
	EndGlobalSection
	GlobalSection(SolutionProperties) = preSolution
		HideSolutionNode = FALSE
	EndGlobalSection
EndGlobal
